get_dataset:
  cmd: python3 pipeline_steps/get_dataset.py
  deps:
  - path: pipeline_steps/get_dataset.py
    md5: 7a8947038a22fd3737f34ca3be29b786
    size: 160
  outs:
  - path: data/raw/raw_data.csv
    md5: 103145512816f29eaa4ee99a5f63c88e
    size: 28803
prepare:
  cmd: python3 pipeline_steps/prepare.py
  deps:
  - path: data/raw/raw_data.csv
    md5: 103145512816f29eaa4ee99a5f63c88e
    size: 28803
  - path: pipeline_steps/prepare.py
    md5: dc722bf54e7ca748d9b7c45a466f43bb
    size: 2955
  params:
    params.yaml:
      prepare.how_many_generated:
      - 110
  outs:
  - path: data/processed/data_processed.plk
    md5: 8ae6f0d4a9081f2104e7b4738750e587
    size: 50327
train:
  cmd: python3 pipeline_steps/train.py
  deps:
  - path: data/processed/data_processed.plk
    md5: 8ae6f0d4a9081f2104e7b4738750e587
    size: 50327
  - path: pipeline_steps/train.py
    md5: 34ea44d6ce13d59546527d81c9b2831e
    size: 6357
  params:
    params.yaml:
      train.for_train_procentage:
      - 75
  outs:
  - path: reports/data_quatities.json
    md5: 4241861b555f9cb50efb78f9800a49a3
    size: 157
  - path: src/models
    md5: 0f674100c7ee8c54dac41dc5899920b7.dir
    size: 635100889
    nfiles: 16
test_model:
  cmd: python3 pipeline_steps/test_model.py
  deps:
  - path: pipeline_steps/test_model.py
    md5: f65d3c428765a757e4606c6af3797085
    size: 1183
  outs:
  - path: reports/metrics.json
    md5: 5726d6e678f2a9226bcb7b293d4e1449
    size: 205
