get_dataset:
  cmd: python3 pipeline_steps/get_dataset.py
  deps:
  - path: pipeline_steps/get_dataset.py
    md5: 7a8947038a22fd3737f34ca3be29b786
    size: 160
  outs:
  - path: data/raw/raw_data.csv
    md5: 103145512816f29eaa4ee99a5f63c88e
    size: 28803
prepare:
  cmd: python3 pipeline_steps/prepare.py
  deps:
  - path: data/raw/raw_data.csv
    md5: 103145512816f29eaa4ee99a5f63c88e
    size: 28803
  - path: pipeline_steps/prepare.py
    md5: dc722bf54e7ca748d9b7c45a466f43bb
    size: 2955
  params:
    params.yaml:
      prepare.how_many_generated:
      - 100
  outs:
  - path: data/processed/data_processed.plk
    md5: e48a07dcf165609b986c16f3c0f8e213
    size: 48925
train:
  cmd: python3 pipeline_steps/train.py
  deps:
  - path: data/processed/data_processed.plk
    md5: e48a07dcf165609b986c16f3c0f8e213
    size: 48925
  - path: pipeline_steps/train.py
    md5: 0c3d5a8dfec4b44e5c1e20101a737f74
    size: 6353
  params:
    params.yaml:
      train.for_train_procentage:
      - 80
  outs:
  - path: reports/data_quatities.json
    md5: 64136b2d1d9ef43be47ecb3f9261d02b
    size: 153
  - path: src/models
    md5: 76c024c4e716710950ba312e3d4255f9.dir
    size: 635100874
    nfiles: 16
test_model:
  cmd: python3 pipeline_steps/test_model.py
  deps:
  - path: pipeline_steps/test_model.py
    md5: abb0fa472b3f687224a15d6159e9115f
    size: 1183
  outs:
  - path: reports/metrics.json
    md5: 001f6112a7be1c0aeb7926fd74cb8858
    size: 191
